
Microsoft Visual Studio Solution File, Format Version 12.00
# Visual Studio 14
VisualStudioVersion = 14.0.25420.1
MinimumVisualStudioVersion = 10.0.40219.1
Project("{2150E333-8FDC-42A3-9474-1A3956D46DE8}") = "Solution Items", "Solution Items", "{8CAC4845-AD63-4996-AF82-2EC40FE5388F}"
	ProjectSection(SolutionItems) = preProject
		b2p.vsmdi = b2p.vsmdi
		b2p1.vsmdi = b2p1.vsmdi
		b2p2.vsmdi = b2p2.vsmdi
		LocalTestRun.testrunconfig = LocalTestRun.testrunconfig
	EndProjectSection
EndProject
Project("{FAE04EC0-301F-11D3-BF4B-00C04F79EFBC}") = "b2pLib", "b2pLib\b2pLib.csproj", "{4C65EAFD-AF1C-478B-B2F4-D6825A529EE3}"
EndProject
Project("{E24C65DC-7377-472B-9ABA-BC803B73C61A}") = "b2pweb", "b2pweb\", "{CB5335F3-6895-4B3F-AD87-4AA79AA23B0D}"
	ProjectSection(WebsiteProperties) = preProject
		TargetFrameworkMoniker = ".NETFramework,Version%3Dv2.0"
		ProjectReferences = "{4C65EAFD-AF1C-478B-B2F4-D6825A529EE3}|b2pLib.dll;"
		Debug.AspNetCompiler.VirtualPath = "/b2pweb"
		Debug.AspNetCompiler.PhysicalPath = "b2pweb\"
		Debug.AspNetCompiler.TargetPath = "PrecompiledWeb\b2pweb\"
		Debug.AspNetCompiler.Updateable = "false"
		Debug.AspNetCompiler.ForceOverwrite = "true"
		Debug.AspNetCompiler.FixedNames = "false"
		Debug.AspNetCompiler.Debug = "True"
		Release.AspNetCompiler.VirtualPath = "/b2pweb"
		Release.AspNetCompiler.PhysicalPath = "b2pweb\"
		Release.AspNetCompiler.TargetPath = "PrecompiledWeb\b2pweb\"
		Release.AspNetCompiler.Updateable = "false"
		Release.AspNetCompiler.ForceOverwrite = "true"
		Release.AspNetCompiler.FixedNames = "false"
		Release.AspNetCompiler.Debug = "False"
		VWDPort = "2408"
		SlnRelativePath = "b2pweb\"
		DefaultWebSiteLanguage = "Visual C#"
	EndProjectSection
EndProject
Project("{FAE04EC0-301F-11D3-BF4B-00C04F79EFBC}") = "b2bLibUnitTests", "b2bLibUnitTests\b2bLibUnitTests.csproj", "{8DCF5393-8C8A-42EE-9B80-E5AC436E9BCB}"
EndProject
Global
	GlobalSection(SolutionConfigurationPlatforms) = preSolution
		Debug|.NET = Debug|.NET
		Debug|Any CPU = Debug|Any CPU
		Debug|Mixed Platforms = Debug|Mixed Platforms
		Release|.NET = Release|.NET
		Release|Any CPU = Release|Any CPU
		Release|Mixed Platforms = Release|Mixed Platforms
	EndGlobalSection
	GlobalSection(ProjectConfigurationPlatforms) = postSolution
		{4C65EAFD-AF1C-478B-B2F4-D6825A529EE3}.Debug|.NET.ActiveCfg = Debug|Any CPU
		{4C65EAFD-AF1C-478B-B2F4-D6825A529EE3}.Debug|Any CPU.ActiveCfg = Debug|Any CPU
		{4C65EAFD-AF1C-478B-B2F4-D6825A529EE3}.Debug|Any CPU.Build.0 = Debug|Any CPU
		{4C65EAFD-AF1C-478B-B2F4-D6825A529EE3}.Debug|Mixed Platforms.ActiveCfg = Debug|Any CPU
		{4C65EAFD-AF1C-478B-B2F4-D6825A529EE3}.Debug|Mixed Platforms.Build.0 = Debug|Any CPU
		{4C65EAFD-AF1C-478B-B2F4-D6825A529EE3}.Release|.NET.ActiveCfg = Release|Any CPU
		{4C65EAFD-AF1C-478B-B2F4-D6825A529EE3}.Release|Any CPU.ActiveCfg = Release|Any CPU
		{4C65EAFD-AF1C-478B-B2F4-D6825A529EE3}.Release|Any CPU.Build.0 = Release|Any CPU
		{4C65EAFD-AF1C-478B-B2F4-D6825A529EE3}.Release|Mixed Platforms.ActiveCfg = Release|Any CPU
		{4C65EAFD-AF1C-478B-B2F4-D6825A529EE3}.Release|Mixed Platforms.Build.0 = Release|Any CPU
		{CB5335F3-6895-4B3F-AD87-4AA79AA23B0D}.Debug|.NET.ActiveCfg = Debug|Any CPU
		{CB5335F3-6895-4B3F-AD87-4AA79AA23B0D}.Debug|.NET.Build.0 = Debug|Any CPU
		{CB5335F3-6895-4B3F-AD87-4AA79AA23B0D}.Debug|Any CPU.ActiveCfg = Debug|Any CPU
		{CB5335F3-6895-4B3F-AD87-4AA79AA23B0D}.Debug|Any CPU.Build.0 = Debug|Any CPU
		{CB5335F3-6895-4B3F-AD87-4AA79AA23B0D}.Debug|Mixed Platforms.ActiveCfg = Debug|Any CPU
		{CB5335F3-6895-4B3F-AD87-4AA79AA23B0D}.Debug|Mixed Platforms.Build.0 = Debug|Any CPU
		{CB5335F3-6895-4B3F-AD87-4AA79AA23B0D}.Release|.NET.ActiveCfg = Debug|Any CPU
		{CB5335F3-6895-4B3F-AD87-4AA79AA23B0D}.Release|.NET.Build.0 = Debug|Any CPU
		{CB5335F3-6895-4B3F-AD87-4AA79AA23B0D}.Release|Any CPU.ActiveCfg = Debug|Any CPU
		{CB5335F3-6895-4B3F-AD87-4AA79AA23B0D}.Release|Any CPU.Build.0 = Debug|Any CPU
		{CB5335F3-6895-4B3F-AD87-4AA79AA23B0D}.Release|Mixed Platforms.ActiveCfg = Debug|Any CPU
		{CB5335F3-6895-4B3F-AD87-4AA79AA23B0D}.Release|Mixed Platforms.Build.0 = Debug|Any CPU
		{8DCF5393-8C8A-42EE-9B80-E5AC436E9BCB}.Debug|.NET.ActiveCfg = Debug|Any CPU
		{8DCF5393-8C8A-42EE-9B80-E5AC436E9BCB}.Debug|Any CPU.ActiveCfg = Debug|Any CPU
		{8DCF5393-8C8A-42EE-9B80-E5AC436E9BCB}.Debug|Any CPU.Build.0 = Debug|Any CPU
		{8DCF5393-8C8A-42EE-9B80-E5AC436E9BCB}.Debug|Mixed Platforms.ActiveCfg = Debug|Any CPU
		{8DCF5393-8C8A-42EE-9B80-E5AC436E9BCB}.Debug|Mixed Platforms.Build.0 = Debug|Any CPU
		{8DCF5393-8C8A-42EE-9B80-E5AC436E9BCB}.Release|.NET.ActiveCfg = Release|Any CPU
		{8DCF5393-8C8A-42EE-9B80-E5AC436E9BCB}.Release|Any CPU.ActiveCfg = Release|Any CPU
		{8DCF5393-8C8A-42EE-9B80-E5AC436E9BCB}.Release|Any CPU.Build.0 = Release|Any CPU
		{8DCF5393-8C8A-42EE-9B80-E5AC436E9BCB}.Release|Mixed Platforms.ActiveCfg = Release|Any CPU
		{8DCF5393-8C8A-42EE-9B80-E5AC436E9BCB}.Release|Mixed Platforms.Build.0 = Release|Any CPU
	EndGlobalSection
	GlobalSection(SolutionProperties) = preSolution
		HideSolutionNode = FALSE
	EndGlobalSection
	GlobalSection(NestedProjects) = preSolution
		{8DCF5393-8C8A-42EE-9B80-E5AC436E9BCB} = {8CAC4845-AD63-4996-AF82-2EC40FE5388F}
	EndGlobalSection
EndGlobal
